
Microsoft Visual Studio Solution File, Format Version 12.00
# Visual Studio Version 17
VisualStudioVersion = 17.9.34728.123
MinimumVisualStudioVersion = 10.0.40219.1
Project("{2150E333-8FDC-42A3-9474-1A3956D46DE8}") = "src", "src", "{4614A87D-A952-4572-8E71-BB919BED2122}"
EndProject
Project("{2150E333-8FDC-42A3-9474-1A3956D46DE8}") = "FronEnd", "FronEnd", "{A50C7728-C5B1-4A70-A02F-67052972C977}"
EndProject
Project("{2150E333-8FDC-42A3-9474-1A3956D46DE8}") = "BackEnd", "BackEnd", "{E8F0718E-7EC3-4E44-BD9A-AF92A0FF4723}"
EndProject
Project("{2150E333-8FDC-42A3-9474-1A3956D46DE8}") = "Common", "Common", "{AA618D47-D595-447C-BC0A-255E52A988D6}"
EndProject
Project("{2150E333-8FDC-42A3-9474-1A3956D46DE8}") = "Infrastructure", "Infrastructure", "{6D72DE1E-9979-429E-AED4-2EDAA8E27BAB}"
EndProject
Project("{2150E333-8FDC-42A3-9474-1A3956D46DE8}") = "Modules", "Modules", "{C81F652B-AB7C-4673-851D-5D17B604CD7C}"
EndProject
Project("{9A19103F-16F7-4668-BE54-9A1E7A4F7556}") = "Shop.Common.Data", "Shop.Common.Data\Shop.Common.Data.csproj", "{DFDF4D5C-86B5-47DB-B8B7-08036EF37E5C}"
EndProject
Project("{9A19103F-16F7-4668-BE54-9A1E7A4F7556}") = "Shop.Infrastructure", "Shop.Infrastructure.Data\Shop.Infrastructure.csproj", "{5B7ED5B6-229B-4C99-9C74-B46BCE19B1DF}"
EndProject
Project("{2150E333-8FDC-42A3-9474-1A3956D46DE8}") = "CUser Mangement", "CUser Mangement", "{6318F44F-3F95-42F3-B7DB-F4ED484F3E3A}"
EndProject
Project("{2150E333-8FDC-42A3-9474-1A3956D46DE8}") = "Apis", "Apis", "{35B26C68-3F8D-4B12-AD88-77CFE0B00078}"
EndProject
Project("{2150E333-8FDC-42A3-9474-1A3956D46DE8}") = "Application", "Application", "{E9F0659A-1F05-4051-B532-754930DF2613}"
EndProject
Project("{2150E333-8FDC-42A3-9474-1A3956D46DE8}") = "Domain", "Domain", "{99096A86-BE76-4589-8550-B23FAF8C88C6}"
EndProject
Project("{2150E333-8FDC-42A3-9474-1A3956D46DE8}") = "Persistence", "Persistence", "{710632E4-CCC2-4DBF-902F-2DFE1B7367B0}"
EndProject
Project("{9A19103F-16F7-4668-BE54-9A1E7A4F7556}") = "Shop.Customers.Application", "Shop.Customers.Application\Shop.Customers.Application.csproj", "{502F5178-915D-4F1B-AF66-5A4F52215DF0}"
EndProject
Project("{9A19103F-16F7-4668-BE54-9A1E7A4F7556}") = "Shop.Modules.Domain", "Shop.Customers.Domain\Shop.Modules.Domain.csproj", "{5B35115F-7611-492F-B2F7-171851CF4EF6}"
EndProject
Project("{9A19103F-16F7-4668-BE54-9A1E7A4F7556}") = "Shop.CUser.Persistence", "Shop.Customers.Persistence\Shop.CUser.Persistence.csproj", "{D208431A-8492-486C-B8BB-B461F8512394}"
EndProject
Project("{2150E333-8FDC-42A3-9474-1A3956D46DE8}") = "IOC", "IOC", "{755315C5-9EFD-4014-88A0-E035F13BCE74}"
EndProject
Project("{9A19103F-16F7-4668-BE54-9A1E7A4F7556}") = "Shop.Customers.IOC", "Shop.Customers.IOC\Shop.Customers.IOC.csproj", "{8C16BFD6-022B-4DA6-9DFE-BF1D7E7B564A}"
EndProject
Project("{FAE04EC0-301F-11D3-BF4B-00C04F79EFBC}") = "Shop.CUser.Api", "Shop.CUser.Api\Shop.CUser.Api.csproj", "{01E597E9-C521-4627-A3B2-7A6B9264DC87}"
EndProject
Global
	GlobalSection(SolutionConfigurationPlatforms) = preSolution
		Debug|Any CPU = Debug|Any CPU
		Release|Any CPU = Release|Any CPU
	EndGlobalSection
	GlobalSection(ProjectConfigurationPlatforms) = postSolution
		{DFDF4D5C-86B5-47DB-B8B7-08036EF37E5C}.Debug|Any CPU.ActiveCfg = Debug|Any CPU
		{DFDF4D5C-86B5-47DB-B8B7-08036EF37E5C}.Debug|Any CPU.Build.0 = Debug|Any CPU
		{DFDF4D5C-86B5-47DB-B8B7-08036EF37E5C}.Release|Any CPU.ActiveCfg = Release|Any CPU
		{DFDF4D5C-86B5-47DB-B8B7-08036EF37E5C}.Release|Any CPU.Build.0 = Release|Any CPU
		{5B7ED5B6-229B-4C99-9C74-B46BCE19B1DF}.Debug|Any CPU.ActiveCfg = Debug|Any CPU
		{5B7ED5B6-229B-4C99-9C74-B46BCE19B1DF}.Debug|Any CPU.Build.0 = Debug|Any CPU
		{5B7ED5B6-229B-4C99-9C74-B46BCE19B1DF}.Release|Any CPU.ActiveCfg = Release|Any CPU
		{5B7ED5B6-229B-4C99-9C74-B46BCE19B1DF}.Release|Any CPU.Build.0 = Release|Any CPU
		{502F5178-915D-4F1B-AF66-5A4F52215DF0}.Debug|Any CPU.ActiveCfg = Debug|Any CPU
		{502F5178-915D-4F1B-AF66-5A4F52215DF0}.Debug|Any CPU.Build.0 = Debug|Any CPU
		{502F5178-915D-4F1B-AF66-5A4F52215DF0}.Release|Any CPU.ActiveCfg = Release|Any CPU
		{502F5178-915D-4F1B-AF66-5A4F52215DF0}.Release|Any CPU.Build.0 = Release|Any CPU
		{5B35115F-7611-492F-B2F7-171851CF4EF6}.Debug|Any CPU.ActiveCfg = Debug|Any CPU
		{5B35115F-7611-492F-B2F7-171851CF4EF6}.Debug|Any CPU.Build.0 = Debug|Any CPU
		{5B35115F-7611-492F-B2F7-171851CF4EF6}.Release|Any CPU.ActiveCfg = Release|Any CPU
		{5B35115F-7611-492F-B2F7-171851CF4EF6}.Release|Any CPU.Build.0 = Release|Any CPU
		{D208431A-8492-486C-B8BB-B461F8512394}.Debug|Any CPU.ActiveCfg = Debug|Any CPU
		{D208431A-8492-486C-B8BB-B461F8512394}.Debug|Any CPU.Build.0 = Debug|Any CPU
		{D208431A-8492-486C-B8BB-B461F8512394}.Release|Any CPU.ActiveCfg = Release|Any CPU
		{D208431A-8492-486C-B8BB-B461F8512394}.Release|Any CPU.Build.0 = Release|Any CPU
		{8C16BFD6-022B-4DA6-9DFE-BF1D7E7B564A}.Debug|Any CPU.ActiveCfg = Debug|Any CPU
		{8C16BFD6-022B-4DA6-9DFE-BF1D7E7B564A}.Debug|Any CPU.Build.0 = Debug|Any CPU
		{8C16BFD6-022B-4DA6-9DFE-BF1D7E7B564A}.Release|Any CPU.ActiveCfg = Release|Any CPU
		{8C16BFD6-022B-4DA6-9DFE-BF1D7E7B564A}.Release|Any CPU.Build.0 = Release|Any CPU
		{01E597E9-C521-4627-A3B2-7A6B9264DC87}.Debug|Any CPU.ActiveCfg = Debug|Any CPU
		{01E597E9-C521-4627-A3B2-7A6B9264DC87}.Debug|Any CPU.Build.0 = Debug|Any CPU
		{01E597E9-C521-4627-A3B2-7A6B9264DC87}.Release|Any CPU.ActiveCfg = Release|Any CPU
		{01E597E9-C521-4627-A3B2-7A6B9264DC87}.Release|Any CPU.Build.0 = Release|Any CPU
	EndGlobalSection
	GlobalSection(SolutionProperties) = preSolution
		HideSolutionNode = FALSE
	EndGlobalSection
	GlobalSection(NestedProjects) = preSolution
		{A50C7728-C5B1-4A70-A02F-67052972C977} = {4614A87D-A952-4572-8E71-BB919BED2122}
		{E8F0718E-7EC3-4E44-BD9A-AF92A0FF4723} = {4614A87D-A952-4572-8E71-BB919BED2122}
		{AA618D47-D595-447C-BC0A-255E52A988D6} = {E8F0718E-7EC3-4E44-BD9A-AF92A0FF4723}
		{6D72DE1E-9979-429E-AED4-2EDAA8E27BAB} = {E8F0718E-7EC3-4E44-BD9A-AF92A0FF4723}
		{C81F652B-AB7C-4673-851D-5D17B604CD7C} = {E8F0718E-7EC3-4E44-BD9A-AF92A0FF4723}
		{DFDF4D5C-86B5-47DB-B8B7-08036EF37E5C} = {AA618D47-D595-447C-BC0A-255E52A988D6}
		{5B7ED5B6-229B-4C99-9C74-B46BCE19B1DF} = {6D72DE1E-9979-429E-AED4-2EDAA8E27BAB}
		{6318F44F-3F95-42F3-B7DB-F4ED484F3E3A} = {C81F652B-AB7C-4673-851D-5D17B604CD7C}
		{35B26C68-3F8D-4B12-AD88-77CFE0B00078} = {6318F44F-3F95-42F3-B7DB-F4ED484F3E3A}
		{E9F0659A-1F05-4051-B532-754930DF2613} = {6318F44F-3F95-42F3-B7DB-F4ED484F3E3A}
		{99096A86-BE76-4589-8550-B23FAF8C88C6} = {6318F44F-3F95-42F3-B7DB-F4ED484F3E3A}
		{710632E4-CCC2-4DBF-902F-2DFE1B7367B0} = {6318F44F-3F95-42F3-B7DB-F4ED484F3E3A}
		{502F5178-915D-4F1B-AF66-5A4F52215DF0} = {E9F0659A-1F05-4051-B532-754930DF2613}
		{5B35115F-7611-492F-B2F7-171851CF4EF6} = {99096A86-BE76-4589-8550-B23FAF8C88C6}
		{D208431A-8492-486C-B8BB-B461F8512394} = {710632E4-CCC2-4DBF-902F-2DFE1B7367B0}
		{755315C5-9EFD-4014-88A0-E035F13BCE74} = {6318F44F-3F95-42F3-B7DB-F4ED484F3E3A}
		{8C16BFD6-022B-4DA6-9DFE-BF1D7E7B564A} = {755315C5-9EFD-4014-88A0-E035F13BCE74}
		{01E597E9-C521-4627-A3B2-7A6B9264DC87} = {35B26C68-3F8D-4B12-AD88-77CFE0B00078}
	EndGlobalSection
	GlobalSection(ExtensibilityGlobals) = postSolution
		SolutionGuid = {0874247B-FA31-46F3-B11E-CD974F1BC1EE}
	EndGlobalSection
EndGlobal
